
Microsoft Visual Studio Solution File, Format Version 12.00
# Visual Studio 14
VisualStudioVersion = 14.0.25420.1
MinimumVisualStudioVersion = 10.0.40219.1
Project("{FAE04EC0-301F-11D3-BF4B-00C04F79EFBC}") = "DevOps Project", "DevOps Project\DevOps Project.csproj", "{ED9AA1A4-146E-43DB-903D-A1A116106A53}"
EndProject
Project("{FAE04EC0-301F-11D3-BF4B-00C04F79EFBC}") = "DevOps Project.Tests", "DevOps Project.Tests\DevOps Project.Tests.csproj", "{BA2C8590-FBB8-4A8C-921B-77B421AB8CC8}"
EndProject
Global
	GlobalSection(SolutionConfigurationPlatforms) = preSolution
		Debug|Any CPU = Debug|Any CPU
		Release|Any CPU = Release|Any CPU
	EndGlobalSection
	GlobalSection(ProjectConfigurationPlatforms) = postSolution
		{ED9AA1A4-146E-43DB-903D-A1A116106A53}.Debug|Any CPU.ActiveCfg = Debug|Any CPU
		{ED9AA1A4-146E-43DB-903D-A1A116106A53}.Debug|Any CPU.Build.0 = Debug|Any CPU
		{ED9AA1A4-146E-43DB-903D-A1A116106A53}.Release|Any CPU.ActiveCfg = Release|Any CPU
		{ED9AA1A4-146E-43DB-903D-A1A116106A53}.Release|Any CPU.Build.0 = Release|Any CPU
		{BA2C8590-FBB8-4A8C-921B-77B421AB8CC8}.Debug|Any CPU.ActiveCfg = Debug|Any CPU
		{BA2C8590-FBB8-4A8C-921B-77B421AB8CC8}.Debug|Any CPU.Build.0 = Debug|Any CPU
		{BA2C8590-FBB8-4A8C-921B-77B421AB8CC8}.Release|Any CPU.ActiveCfg = Release|Any CPU
		{BA2C8590-FBB8-4A8C-921B-77B421AB8CC8}.Release|Any CPU.Build.0 = Release|Any CPU
	EndGlobalSection
	GlobalSection(SolutionProperties) = preSolution
		HideSolutionNode = FALSE
	EndGlobalSection
EndGlobal
